// !$*UTF8*$!
{
	archiveVersion = 1;
	classes = {
	};
	objectVersion = 54;
	objects = {

/* Begin PBXBuildFile section */
		A72159EA25785F190059EC3E /* DevicesView.swift in Sources */ = {isa = PBXBuildFile; fileRef = A72159E925785F190059EC3E /* DevicesView.swift */; };
		A76786CC2575800C00A7E230 /* MobilApp_LABB3App.swift in Sources */ = {isa = PBXBuildFile; fileRef = A76786CB2575800C00A7E230 /* MobilApp_LABB3App.swift */; };
		A76786CE2575800C00A7E230 /* ContentView.swift in Sources */ = {isa = PBXBuildFile; fileRef = A76786CD2575800C00A7E230 /* ContentView.swift */; };
		A76786D02575801200A7E230 /* Assets.xcassets in Resources */ = {isa = PBXBuildFile; fileRef = A76786CF2575801200A7E230 /* Assets.xcassets */; };
		A76786D32575801200A7E230 /* Preview Assets.xcassets in Resources */ = {isa = PBXBuildFile; fileRef = A76786D22575801200A7E230 /* Preview Assets.xcassets */; };
		A76786DE2575801300A7E230 /* MobilApp_LABB3Tests.swift in Sources */ = {isa = PBXBuildFile; fileRef = A76786DD2575801300A7E230 /* MobilApp_LABB3Tests.swift */; };
		A76786E92575801300A7E230 /* MobilApp_LABB3UITests.swift in Sources */ = {isa = PBXBuildFile; fileRef = A76786E82575801300A7E230 /* MobilApp_LABB3UITests.swift */; };
		A76786FA2575807600A7E230 /* Controller.swift in Sources */ = {isa = PBXBuildFile; fileRef = A76786F92575807600A7E230 /* Controller.swift */; };
		A76786FF257581F100A7E230 /* AccController.swift in Sources */ = {isa = PBXBuildFile; fileRef = A76786FE257581F100A7E230 /* AccController.swift */; };
		A7B3661F2576A2E200A51B9E /* GyroController.swift in Sources */ = {isa = PBXBuildFile; fileRef = A7B3661E2576A2E200A51B9E /* GyroController.swift */; };
		A7B366322576DC6700A51B9E /* BLEController.swift in Sources */ = {isa = PBXBuildFile; fileRef = A7B366312576DC6700A51B9E /* BLEController.swift */; };
/* End PBXBuildFile section */

/* Begin PBXContainerItemProxy section */
		A76786DA2575801300A7E230 /* PBXContainerItemProxy */ = {
			isa = PBXContainerItemProxy;
			containerPortal = A76786C02575800C00A7E230 /* Project object */;
			proxyType = 1;
			remoteGlobalIDString = A76786C72575800C00A7E230;
			remoteInfo = MobilApp_LABB3;
		};
		A76786E52575801300A7E230 /* PBXContainerItemProxy */ = {
			isa = PBXContainerItemProxy;
			containerPortal = A76786C02575800C00A7E230 /* Project object */;
			proxyType = 1;
			remoteGlobalIDString = A76786C72575800C00A7E230;
			remoteInfo = MobilApp_LABB3;
		};
/* End PBXContainerItemProxy section */

/* Begin PBXFileReference section */
		A72159E925785F190059EC3E /* DevicesView.swift */ = {isa = PBXFileReference; lastKnownFileType = sourcecode.swift; path = DevicesView.swift; sourceTree = "<group>"; };
		A76786C82575800C00A7E230 /* MobilApp_LABB3.app */ = {isa = PBXFileReference; explicitFileType = wrapper.application; includeInIndex = 0; path = MobilApp_LABB3.app; sourceTree = BUILT_PRODUCTS_DIR; };
		A76786CB2575800C00A7E230 /* MobilApp_LABB3App.swift */ = {isa = PBXFileReference; lastKnownFileType = sourcecode.swift; path = MobilApp_LABB3App.swift; sourceTree = "<group>"; };
		A76786CD2575800C00A7E230 /* ContentView.swift */ = {isa = PBXFileReference; lastKnownFileType = sourcecode.swift; path = ContentView.swift; sourceTree = "<group>"; };
		A76786CF2575801200A7E230 /* Assets.xcassets */ = {isa = PBXFileReference; lastKnownFileType = folder.assetcatalog; path = Assets.xcassets; sourceTree = "<group>"; };
		A76786D22575801200A7E230 /* Preview Assets.xcassets */ = {isa = PBXFileReference; lastKnownFileType = folder.assetcatalog; path = "Preview Assets.xcassets"; sourceTree = "<group>"; };
		A76786D42575801200A7E230 /* Info.plist */ = {isa = PBXFileReference; lastKnownFileType = text.plist.xml; path = Info.plist; sourceTree = "<group>"; };
		A76786D92575801300A7E230 /* MobilApp_LABB3Tests.xctest */ = {isa = PBXFileReference; explicitFileType = wrapper.cfbundle; includeInIndex = 0; path = MobilApp_LABB3Tests.xctest; sourceTree = BUILT_PRODUCTS_DIR; };
		A76786DD2575801300A7E230 /* MobilApp_LABB3Tests.swift */ = {isa = PBXFileReference; lastKnownFileType = sourcecode.swift; path = MobilApp_LABB3Tests.swift; sourceTree = "<group>"; };
		A76786DF2575801300A7E230 /* Info.plist */ = {isa = PBXFileReference; lastKnownFileType = text.plist.xml; path = Info.plist; sourceTree = "<group>"; };
		A76786E42575801300A7E230 /* MobilApp_LABB3UITests.xctest */ = {isa = PBXFileReference; explicitFileType = wrapper.cfbundle; includeInIndex = 0; path = MobilApp_LABB3UITests.xctest; sourceTree = BUILT_PRODUCTS_DIR; };
		A76786E82575801300A7E230 /* MobilApp_LABB3UITests.swift */ = {isa = PBXFileReference; lastKnownFileType = sourcecode.swift; path = MobilApp_LABB3UITests.swift; sourceTree = "<group>"; };
		A76786EA2575801300A7E230 /* Info.plist */ = {isa = PBXFileReference; lastKnownFileType = text.plist.xml; path = Info.plist; sourceTree = "<group>"; };
		A76786F92575807600A7E230 /* Controller.swift */ = {isa = PBXFileReference; lastKnownFileType = sourcecode.swift; path = Controller.swift; sourceTree = "<group>"; };
		A76786FE257581F100A7E230 /* AccController.swift */ = {isa = PBXFileReference; lastKnownFileType = sourcecode.swift; path = AccController.swift; sourceTree = "<group>"; };
		A7B3661E2576A2E200A51B9E /* GyroController.swift */ = {isa = PBXFileReference; lastKnownFileType = sourcecode.swift; path = GyroController.swift; sourceTree = "<group>"; };
		A7B366312576DC6700A51B9E /* BLEController.swift */ = {isa = PBXFileReference; lastKnownFileType = sourcecode.swift; path = BLEController.swift; sourceTree = "<group>"; };
/* End PBXFileReference section */

/* Begin PBXFrameworksBuildPhase section */
		A76786C52575800C00A7E230 /* Frameworks */ = {
			isa = PBXFrameworksBuildPhase;
			buildActionMask = 2147483647;
			files = (
			);
			runOnlyForDeploymentPostprocessing = 0;
		};
		A76786D62575801300A7E230 /* Frameworks */ = {
			isa = PBXFrameworksBuildPhase;
			buildActionMask = 2147483647;
			files = (
			);
			runOnlyForDeploymentPostprocessing = 0;
		};
		A76786E12575801300A7E230 /* Frameworks */ = {
			isa = PBXFrameworksBuildPhase;
			buildActionMask = 2147483647;
			files = (
			);
			runOnlyForDeploymentPostprocessing = 0;
		};
/* End PBXFrameworksBuildPhase section */

/* Begin PBXGroup section */
		A76786BF2575800C00A7E230 = {
			isa = PBXGroup;
			children = (
				A76786CA2575800C00A7E230 /* MobilApp_LABB3 */,
				A76786DC2575801300A7E230 /* MobilApp_LABB3Tests */,
				A76786E72575801300A7E230 /* MobilApp_LABB3UITests */,
				A76786C92575800C00A7E230 /* Products */,
			);
			sourceTree = "<group>";
		};
		A76786C92575800C00A7E230 /* Products */ = {
			isa = PBXGroup;
			children = (
				A76786C82575800C00A7E230 /* MobilApp_LABB3.app */,
				A76786D92575801300A7E230 /* MobilApp_LABB3Tests.xctest */,
				A76786E42575801300A7E230 /* MobilApp_LABB3UITests.xctest */,
			);
			name = Products;
			sourceTree = "<group>";
		};
		A76786CA2575800C00A7E230 /* MobilApp_LABB3 */ = {
			isa = PBXGroup;
			children = (
				A76786CB2575800C00A7E230 /* MobilApp_LABB3App.swift */,
				A76786CD2575800C00A7E230 /* ContentView.swift */,
				A72159E925785F190059EC3E /* DevicesView.swift */,
				A76786F92575807600A7E230 /* Controller.swift */,
				A76786FE257581F100A7E230 /* AccController.swift */,
				A7B3661E2576A2E200A51B9E /* GyroController.swift */,
				A7B366312576DC6700A51B9E /* BLEController.swift */,
				A76786CF2575801200A7E230 /* Assets.xcassets */,
				A76786D42575801200A7E230 /* Info.plist */,
				A76786D12575801200A7E230 /* Preview Content */,
			);
			path = MobilApp_LABB3;
			sourceTree = "<group>";
		};
		A76786D12575801200A7E230 /* Preview Content */ = {
			isa = PBXGroup;
			children = (
				A76786D22575801200A7E230 /* Preview Assets.xcassets */,
			);
			path = "Preview Content";
			sourceTree = "<group>";
		};
		A76786DC2575801300A7E230 /* MobilApp_LABB3Tests */ = {
			isa = PBXGroup;
			children = (
				A76786DD2575801300A7E230 /* MobilApp_LABB3Tests.swift */,
				A76786DF2575801300A7E230 /* Info.plist */,
			);
			path = MobilApp_LABB3Tests;
			sourceTree = "<group>";
		};
		A76786E72575801300A7E230 /* MobilApp_LABB3UITests */ = {
			isa = PBXGroup;
			children = (
				A76786E82575801300A7E230 /* MobilApp_LABB3UITests.swift */,
				A76786EA2575801300A7E230 /* Info.plist */,
			);
			path = MobilApp_LABB3UITests;
			sourceTree = "<group>";
		};
/* End PBXGroup section */

/* Begin PBXNativeTarget section */
		A76786C72575800C00A7E230 /* MobilApp_LABB3 */ = {
			isa = PBXNativeTarget;
			buildConfigurationList = A76786ED2575801300A7E230 /* Build configuration list for PBXNativeTarget "MobilApp_LABB3" */;
			buildPhases = (
				A76786C42575800C00A7E230 /* Sources */,
				A76786C52575800C00A7E230 /* Frameworks */,
				A76786C62575800C00A7E230 /* Resources */,
			);
			buildRules = (
			);
			dependencies = (
			);
			name = MobilApp_LABB3;
			productName = MobilApp_LABB3;
			productReference = A76786C82575800C00A7E230 /* MobilApp_LABB3.app */;
			productType = "com.apple.product-type.application";
		};
		A76786D82575801300A7E230 /* MobilApp_LABB3Tests */ = {
			isa = PBXNativeTarget;
			buildConfigurationList = A76786F02575801300A7E230 /* Build configuration list for PBXNativeTarget "MobilApp_LABB3Tests" */;
			buildPhases = (
				A76786D52575801300A7E230 /* Sources */,
				A76786D62575801300A7E230 /* Frameworks */,
				A76786D72575801300A7E230 /* Resources */,
			);
			buildRules = (
			);
			dependencies = (
				A76786DB2575801300A7E230 /* PBXTargetDependency */,
			);
			name = MobilApp_LABB3Tests;
			productName = MobilApp_LABB3Tests;
			productReference = A76786D92575801300A7E230 /* MobilApp_LABB3Tests.xctest */;
			productType = "com.apple.product-type.bundle.unit-test";
		};
		A76786E32575801300A7E230 /* MobilApp_LABB3UITests */ = {
			isa = PBXNativeTarget;
			buildConfigurationList = A76786F32575801300A7E230 /* Build configuration list for PBXNativeTarget "MobilApp_LABB3UITests" */;
			buildPhases = (
				A76786E02575801300A7E230 /* Sources */,
				A76786E12575801300A7E230 /* Frameworks */,
				A76786E22575801300A7E230 /* Resources */,
			);
			buildRules = (
			);
			dependencies = (
				A76786E62575801300A7E230 /* PBXTargetDependency */,
			);
			name = MobilApp_LABB3UITests;
			productName = MobilApp_LABB3UITests;
			productReference = A76786E42575801300A7E230 /* MobilApp_LABB3UITests.xctest */;
			productType = "com.apple.product-type.bundle.ui-testing";
		};
/* End PBXNativeTarget section */

/* Begin PBXProject section */
		A76786C02575800C00A7E230 /* Project object */ = {
			isa = PBXProject;
			attributes = {
				LastSwiftUpdateCheck = 1220;
				LastUpgradeCheck = 1220;
				TargetAttributes = {
					A76786C72575800C00A7E230 = {
						CreatedOnToolsVersion = 12.2;
					};
					A76786D82575801300A7E230 = {
						CreatedOnToolsVersion = 12.2;
						TestTargetID = A76786C72575800C00A7E230;
					};
					A76786E32575801300A7E230 = {
						CreatedOnToolsVersion = 12.2;
						TestTargetID = A76786C72575800C00A7E230;
					};
				};
			};
			buildConfigurationList = A76786C32575800C00A7E230 /* Build configuration list for PBXProject "MobilApp_LABB3" */;
			compatibilityVersion = "Xcode 12.0";
			developmentRegion = en;
			hasScannedForEncodings = 0;
			knownRegions = (
				en,
				Base,
			);
			mainGroup = A76786BF2575800C00A7E230;
			productRefGroup = A76786C92575800C00A7E230 /* Products */;
			projectDirPath = "";
			projectRoot = "";
			targets = (
				A76786C72575800C00A7E230 /* MobilApp_LABB3 */,
				A76786D82575801300A7E230 /* MobilApp_LABB3Tests */,
				A76786E32575801300A7E230 /* MobilApp_LABB3UITests */,
			);
		};
/* End PBXProject section */

/* Begin PBXResourcesBuildPhase section */
		A76786C62575800C00A7E230 /* Resources */ = {
			isa = PBXResourcesBuildPhase;
			buildActionMask = 2147483647;
			files = (
				A76786D32575801200A7E230 /* Preview Assets.xcassets in Resources */,
				A76786D02575801200A7E230 /* Assets.xcassets in Resources */,
			);
			runOnlyForDeploymentPostprocessing = 0;
		};
		A76786D72575801300A7E230 /* Resources */ = {
			isa = PBXResourcesBuildPhase;
			buildActionMask = 2147483647;
			files = (
			);
			runOnlyForDeploymentPostprocessing = 0;
		};
		A76786E22575801300A7E230 /* Resources */ = {
			isa = PBXResourcesBuildPhase;
			buildActionMask = 2147483647;
			files = (
			);
			runOnlyForDeploymentPostprocessing = 0;
		};
/* End PBXResourcesBuildPhase section */

/* Begin PBXSourcesBuildPhase section */
		A76786C42575800C00A7E230 /* Sources */ = {
			isa = PBXSourcesBuildPhase;
			buildActionMask = 2147483647;
			files = (
				A7B3661F2576A2E200A51B9E /* GyroController.swift in Sources */,
				A76786FA2575807600A7E230 /* Controller.swift in Sources */,
				A76786FF257581F100A7E230 /* AccController.swift in Sources */,
				A76786CE2575800C00A7E230 /* ContentView.swift in Sources */,
				A76786CC2575800C00A7E230 /* MobilApp_LABB3App.swift in Sources */,
				A7B366322576DC6700A51B9E /* BLEController.swift in Sources */,
				A72159EA25785F190059EC3E /* DevicesView.swift in Sources */,
			);
			runOnlyForDeploymentPostprocessing = 0;
		};
		A76786D52575801300A7E230 /* Sources */ = {
			isa = PBXSourcesBuildPhase;
			buildActionMask = 2147483647;
			files = (
				A76786DE2575801300A7E230 /* MobilApp_LABB3Tests.swift in Sources */,
			);
			runOnlyForDeploymentPostprocessing = 0;
		};
		A76786E02575801300A7E230 /* Sources */ = {
			isa = PBXSourcesBuildPhase;
			buildActionMask = 2147483647;
			files = (
				A76786E92575801300A7E230 /* MobilApp_LABB3UITests.swift in Sources */,
			);
			runOnlyForDeploymentPostprocessing = 0;
		};
/* End PBXSourcesBuildPhase section */

/* Begin PBXTargetDependency section */
		A76786DB2575801300A7E230 /* PBXTargetDependency */ = {
			isa = PBXTargetDependency;
			target = A76786C72575800C00A7E230 /* MobilApp_LABB3 */;
			targetProxy = A76786DA2575801300A7E230 /* PBXContainerItemProxy */;
		};
		A76786E62575801300A7E230 /* PBXTargetDependency */ = {
			isa = PBXTargetDependency;
			target = A76786C72575800C00A7E230 /* MobilApp_LABB3 */;
			targetProxy = A76786E52575801300A7E230 /* PBXContainerItemProxy */;
		};
/* End PBXTargetDependency section */

/* Begin XCBuildConfiguration section */
		A76786EB2575801300A7E230 /* Debug */ = {
			isa = XCBuildConfiguration;
			buildSettings = {
				ALWAYS_SEARCH_USER_PATHS = NO;
				CLANG_ANALYZER_NONNULL = YES;
				CLANG_ANALYZER_NUMBER_OBJECT_CONVERSION = YES_AGGRESSIVE;
				CLANG_CXX_LANGUAGE_STANDARD = "gnu++14";
				CLANG_CXX_LIBRARY = "libc++";
				CLANG_ENABLE_MODULES = YES;
				CLANG_ENABLE_OBJC_ARC = YES;
				CLANG_ENABLE_OBJC_WEAK = YES;
				CLANG_WARN_BLOCK_CAPTURE_AUTORELEASING = YES;
				CLANG_WARN_BOOL_CONVERSION = YES;
				CLANG_WARN_COMMA = YES;
				CLANG_WARN_CONSTANT_CONVERSION = YES;
				CLANG_WARN_DEPRECATED_OBJC_IMPLEMENTATIONS = YES;
				CLANG_WARN_DIRECT_OBJC_ISA_USAGE = YES_ERROR;
				CLANG_WARN_DOCUMENTATION_COMMENTS = YES;
				CLANG_WARN_EMPTY_BODY = YES;
				CLANG_WARN_ENUM_CONVERSION = YES;
				CLANG_WARN_INFINITE_RECURSION = YES;
				CLANG_WARN_INT_CONVERSION = YES;
				CLANG_WARN_NON_LITERAL_NULL_CONVERSION = YES;
				CLANG_WARN_OBJC_IMPLICIT_RETAIN_SELF = YES;
				CLANG_WARN_OBJC_LITERAL_CONVERSION = YES;
				CLANG_WARN_OBJC_ROOT_CLASS = YES_ERROR;
				CLANG_WARN_QUOTED_INCLUDE_IN_FRAMEWORK_HEADER = YES;
				CLANG_WARN_RANGE_LOOP_ANALYSIS = YES;
				CLANG_WARN_STRICT_PROTOTYPES = YES;
				CLANG_WARN_SUSPICIOUS_MOVE = YES;
				CLANG_WARN_UNGUARDED_AVAILABILITY = YES_AGGRESSIVE;
				CLANG_WARN_UNREACHABLE_CODE = YES;
				CLANG_WARN__DUPLICATE_METHOD_MATCH = YES;
				COPY_PHASE_STRIP = NO;
				DEBUG_INFORMATION_FORMAT = dwarf;
				ENABLE_STRICT_OBJC_MSGSEND = YES;
				ENABLE_TESTABILITY = YES;
				GCC_C_LANGUAGE_STANDARD = gnu11;
				GCC_DYNAMIC_NO_PIC = NO;
				GCC_NO_COMMON_BLOCKS = YES;
				GCC_OPTIMIZATION_LEVEL = 0;
				GCC_PREPROCESSOR_DEFINITIONS = (
					"DEBUG=1",
					"$(inherited)",
				);
				GCC_WARN_64_TO_32_BIT_CONVERSION = YES;
				GCC_WARN_ABOUT_RETURN_TYPE = YES_ERROR;
				GCC_WARN_UNDECLARED_SELECTOR = YES;
				GCC_WARN_UNINITIALIZED_AUTOS = YES_AGGRESSIVE;
				GCC_WARN_UNUSED_FUNCTION = YES;
				GCC_WARN_UNUSED_VARIABLE = YES;
				IPHONEOS_DEPLOYMENT_TARGET = 14.2;
				MTL_ENABLE_DEBUG_INFO = INCLUDE_SOURCE;
				MTL_FAST_MATH = YES;
				ONLY_ACTIVE_ARCH = YES;
				SDKROOT = iphoneos;
				SWIFT_ACTIVE_COMPILATION_CONDITIONS = DEBUG;
				SWIFT_OPTIMIZATION_LEVEL = "-Onone";
			};
			name = Debug;
		};
		A76786EC2575801300A7E230 /* Release */ = {
			isa = XCBuildConfiguration;
			buildSettings = {
				ALWAYS_SEARCH_USER_PATHS = NO;
				CLANG_ANALYZER_NONNULL = YES;
				CLANG_ANALYZER_NUMBER_OBJECT_CONVERSION = YES_AGGRESSIVE;
				CLANG_CXX_LANGUAGE_STANDARD = "gnu++14";
				CLANG_CXX_LIBRARY = "libc++";
				CLANG_ENABLE_MODULES = YES;
				CLANG_ENABLE_OBJC_ARC = YES;
				CLANG_ENABLE_OBJC_WEAK = YES;
				CLANG_WARN_BLOCK_CAPTURE_AUTORELEASING = YES;
				CLANG_WARN_BOOL_CONVERSION = YES;
				CLANG_WARN_COMMA = YES;
				CLANG_WARN_CONSTANT_CONVERSION = YES;
				CLANG_WARN_DEPRECATED_OBJC_IMPLEMENTATIONS = YES;
				CLANG_WARN_DIRECT_OBJC_ISA_USAGE = YES_ERROR;
				CLANG_WARN_DOCUMENTATION_COMMENTS = YES;
				CLANG_WARN_EMPTY_BODY = YES;
				CLANG_WARN_ENUM_CONVERSION = YES;
				CLANG_WARN_INFINITE_RECURSION = YES;
				CLANG_WARN_INT_CONVERSION = YES;
				CLANG_WARN_NON_LITERAL_NULL_CONVERSION = YES;
				CLANG_WARN_OBJC_IMPLICIT_RETAIN_SELF = YES;
				CLANG_WARN_OBJC_LITERAL_CONVERSION = YES;
				CLANG_WARN_OBJC_ROOT_CLASS = YES_ERROR;
				CLANG_WARN_QUOTED_INCLUDE_IN_FRAMEWORK_HEADER = YES;
				CLANG_WARN_RANGE_LOOP_ANALYSIS = YES;
				CLANG_WARN_STRICT_PROTOTYPES = YES;
				CLANG_WARN_SUSPICIOUS_MOVE = YES;
				CLANG_WARN_UNGUARDED_AVAILABILITY = YES_AGGRESSIVE;
				CLANG_WARN_UNREACHABLE_CODE = YES;
				CLANG_WARN__DUPLICATE_METHOD_MATCH = YES;
				COPY_PHASE_STRIP = NO;
				DEBUG_INFORMATION_FORMAT = "dwarf-with-dsym";
				ENABLE_NS_ASSERTIONS = NO;
				ENABLE_STRICT_OBJC_MSGSEND = YES;
				GCC_C_LANGUAGE_STANDARD = gnu11;
				GCC_NO_COMMON_BLOCKS = YES;
				GCC_WARN_64_TO_32_BIT_CONVERSION = YES;
				GCC_WARN_ABOUT_RETURN_TYPE = YES_ERROR;
				GCC_WARN_UNDECLARED_SELECTOR = YES;
				GCC_WARN_UNINITIALIZED_AUTOS = YES_AGGRESSIVE;
				GCC_WARN_UNUSED_FUNCTION = YES;
				GCC_WARN_UNUSED_VARIABLE = YES;
				IPHONEOS_DEPLOYMENT_TARGET = 14.2;
				MTL_ENABLE_DEBUG_INFO = NO;
				MTL_FAST_MATH = YES;
				SDKROOT = iphoneos;
				SWIFT_COMPILATION_MODE = wholemodule;
				SWIFT_OPTIMIZATION_LEVEL = "-O";
				VALIDATE_PRODUCT = YES;
			};
			name = Release;
		};
		A76786EE2575801300A7E230 /* Debug */ = {
			isa = XCBuildConfiguration;
			buildSettings = {
				ASSETCATALOG_COMPILER_APPICON_NAME = AppIcon;
				ASSETCATALOG_COMPILER_GLOBAL_ACCENT_COLOR_NAME = AccentColor;
				CODE_SIGN_STYLE = Automatic;
				DEVELOPMENT_ASSET_PATHS = "\"MobilApp_LABB3/Preview Content\"";
				DEVELOPMENT_TEAM = TKM8762PGK;
				ENABLE_PREVIEWS = YES;
				INFOPLIST_FILE = MobilApp_LABB3/Info.plist;
				IPHONEOS_DEPLOYMENT_TARGET = 14.0;
				LD_RUNPATH_SEARCH_PATHS = (
					"$(inherited)",
					"@executable_path/Frameworks",
				);
				PRODUCT_BUNDLE_IDENTIFIER = "Ernst.MobilApp-LABB3";
				PRODUCT_NAME = "$(TARGET_NAME)";
				SWIFT_VERSION = 5.0;
				TARGETED_DEVICE_FAMILY = "1,2";
			};
			name = Debug;
		};
		A76786EF2575801300A7E230 /* Release */ = {
			isa = XCBuildConfiguration;
			buildSettings = {
				ASSETCATALOG_COMPILER_APPICON_NAME = AppIcon;
				ASSETCATALOG_COMPILER_GLOBAL_ACCENT_COLOR_NAME = AccentColor;
				CODE_SIGN_STYLE = Automatic;
				DEVELOPMENT_ASSET_PATHS = "\"MobilApp_LABB3/Preview Content\"";
				DEVELOPMENT_TEAM = TKM8762PGK;
				ENABLE_PREVIEWS = YES;
				INFOPLIST_FILE = MobilApp_LABB3/Info.plist;
				IPHONEOS_DEPLOYMENT_TARGET = 14.0;
				LD_RUNPATH_SEARCH_PATHS = (
					"$(inherited)",
					"@executable_path/Frameworks",
				);
				PRODUCT_BUNDLE_IDENTIFIER = "Ernst.MobilApp-LABB3";
				PRODUCT_NAME = "$(TARGET_NAME)";
				SWIFT_VERSION = 5.0;
				TARGETED_DEVICE_FAMILY = "1,2";
			};
			name = Release;
		};
		A76786F12575801300A7E230 /* Debug */ = {
			isa = XCBuildConfiguration;
			buildSettings = {
				ALWAYS_EMBED_SWIFT_STANDARD_LIBRARIES = YES;
				BUNDLE_LOADER = "$(TEST_HOST)";
				CODE_SIGN_STYLE = Automatic;
				DEVELOPMENT_TEAM = TKM8762PGK;
				INFOPLIST_FILE = MobilApp_LABB3Tests/Info.plist;
				IPHONEOS_DEPLOYMENT_TARGET = 14.0;
				LD_RUNPATH_SEARCH_PATHS = (
					"$(inherited)",
					"@executable_path/Frameworks",
					"@loader_path/Frameworks",
				);
				PRODUCT_BUNDLE_IDENTIFIER = "Ernst.MobilApp-LABB3Tests";
				PRODUCT_NAME = "$(TARGET_NAME)";
				SWIFT_VERSION = 5.0;
				TARGETED_DEVICE_FAMILY = "1,2";
				TEST_HOST = "$(BUILT_PRODUCTS_DIR)/MobilApp_LABB3.app/MobilApp_LABB3";
			};
			name = Debug;
		};
		A76786F22575801300A7E230 /* Release */ = {
			isa = XCBuildConfiguration;
			buildSettings = {
				ALWAYS_EMBED_SWIFT_STANDARD_LIBRARIES = YES;
				BUNDLE_LOADER = "$(TEST_HOST)";
				CODE_SIGN_STYLE = Automatic;
				DEVELOPMENT_TEAM = TKM8762PGK;
				INFOPLIST_FILE = MobilApp_LABB3Tests/Info.plist;
				IPHONEOS_DEPLOYMENT_TARGET = 14.0;
				LD_RUNPATH_SEARCH_PATHS = (
					"$(inherited)",
					"@executable_path/Frameworks",
					"@loader_path/Frameworks",
				);
				PRODUCT_BUNDLE_IDENTIFIER = "Ernst.MobilApp-LABB3Tests";
				PRODUCT_NAME = "$(TARGET_NAME)";
				SWIFT_VERSION = 5.0;
				TARGETED_DEVICE_FAMILY = "1,2";
				TEST_HOST = "$(BUILT_PRODUCTS_DIR)/MobilApp_LABB3.app/MobilApp_LABB3";
			};
			name = Release;
		};
		A76786F42575801300A7E230 /* Debug */ = {
			isa = XCBuildConfiguration;
			buildSettings = {
				ALWAYS_EMBED_SWIFT_STANDARD_LIBRARIES = YES;
				CODE_SIGN_STYLE = Automatic;
				DEVELOPMENT_TEAM = TKM8762PGK;
				INFOPLIST_FILE = MobilApp_LABB3UITests/Info.plist;
				LD_RUNPATH_SEARCH_PATHS = (
					"$(inherited)",
					"@executable_path/Frameworks",
					"@loader_path/Frameworks",
				);
				PRODUCT_BUNDLE_IDENTIFIER = "Ernst.MobilApp-LABB3UITests";
				PRODUCT_NAME = "$(TARGET_NAME)";
				SWIFT_VERSION = 5.0;
				TARGETED_DEVICE_FAMILY = "1,2";
				TEST_TARGET_NAME = MobilApp_LABB3;
			};
			name = Debug;
		};
		A76786F52575801300A7E230 /* Release */ = {
			isa = XCBuildConfiguration;
			buildSettings = {
				ALWAYS_EMBED_SWIFT_STANDARD_LIBRARIES = YES;
				CODE_SIGN_STYLE = Automatic;
				DEVELOPMENT_TEAM = TKM8762PGK;
				INFOPLIST_FILE = MobilApp_LABB3UITests/Info.plist;
				LD_RUNPATH_SEARCH_PATHS = (
					"$(inherited)",
					"@executable_path/Frameworks",
					"@loader_path/Frameworks",
				);
				PRODUCT_BUNDLE_IDENTIFIER = "Ernst.MobilApp-LABB3UITests";
				PRODUCT_NAME = "$(TARGET_NAME)";
				SWIFT_VERSION = 5.0;
				TARGETED_DEVICE_FAMILY = "1,2";
				TEST_TARGET_NAME = MobilApp_LABB3;
			};
			name = Release;
		};
/* End XCBuildConfiguration section */

/* Begin XCConfigurationList section */
		A76786C32575800C00A7E230 /* Build configuration list for PBXProject "MobilApp_LABB3" */ = {
			isa = XCConfigurationList;
			buildConfigurations = (
				A76786EB2575801300A7E230 /* Debug */,
				A76786EC2575801300A7E230 /* Release */,
			);
			defaultConfigurationIsVisible = 0;
			defaultConfigurationName = Release;
		};
		A76786ED2575801300A7E230 /* Build configuration list for PBXNativeTarget "MobilApp_LABB3" */ = {
			isa = XCConfigurationList;
			buildConfigurations = (
				A76786EE2575801300A7E230 /* Debug */,
				A76786EF2575801300A7E230 /* Release */,
			);
			defaultConfigurationIsVisible = 0;
			defaultConfigurationName = Release;
		};
		A76786F02575801300A7E230 /* Build configuration list for PBXNativeTarget "MobilApp_LABB3Tests" */ = {
			isa = XCConfigurationList;
			buildConfigurations = (
				A76786F12575801300A7E230 /* Debug */,
				A76786F22575801300A7E230 /* Release */,
			);
			defaultConfigurationIsVisible = 0;
			defaultConfigurationName = Release;
		};
		A76786F32575801300A7E230 /* Build configuration list for PBXNativeTarget "MobilApp_LABB3UITests" */ = {
			isa = XCConfigurationList;
			buildConfigurations = (
				A76786F42575801300A7E230 /* Debug */,
				A76786F52575801300A7E230 /* Release */,
			);
			defaultConfigurationIsVisible = 0;
			defaultConfigurationName = Release;
		};
/* End XCConfigurationList section */
	};
	rootObject = A76786C02575800C00A7E230 /* Project object */;
}
